
Microsoft Visual Studio Solution File, Format Version 12.00
# Visual Studio Version 17
VisualStudioVersion = 17.0.31912.275
MinimumVisualStudioVersion = 10.0.40219.1
Project("{FAE04EC0-301F-11D3-BF4B-00C04F79EFBC}") = "LinqPractices", "LinqPractices\LinqPractices.csproj", "{B36052ED-54E1-41B4-A56A-07F803ED8A5B}"
EndProject
Global
	GlobalSection(SolutionConfigurationPlatforms) = preSolution
		Debug|Any CPU = Debug|Any CPU
		Release|Any CPU = Release|Any CPU
	EndGlobalSection
	GlobalSection(ProjectConfigurationPlatforms) = postSolution
		{B36052ED-54E1-41B4-A56A-07F803ED8A5B}.Debug|Any CPU.ActiveCfg = Debug|Any CPU
		{B36052ED-54E1-41B4-A56A-07F803ED8A5B}.Debug|Any CPU.Build.0 = Debug|Any CPU
		{B36052ED-54E1-41B4-A56A-07F803ED8A5B}.Release|Any CPU.ActiveCfg = Release|Any CPU
		{B36052ED-54E1-41B4-A56A-07F803ED8A5B}.Release|Any CPU.Build.0 = Release|Any CPU
	EndGlobalSection
	GlobalSection(SolutionProperties) = preSolution
		HideSolutionNode = FALSE
	EndGlobalSection
	GlobalSection(ExtensibilityGlobals) = postSolution
		SolutionGuid = {FE056AEA-5EB8-41F6-8871-0E5B0881B416}
	EndGlobalSection
EndGlobal
